
Microsoft Visual Studio Solution File, Format Version 12.00
# Visual Studio Version 16
VisualStudioVersion = 16.0.32929.386
MinimumVisualStudioVersion = 10.0.40219.1
Project("{C9674DCB-5085-4A16-B785-4C70DD1589BD}") = "Vei bilimi proje2", "Vei bilimi proje2\Vei bilimi proje2.dtproj", "{4D6AFF82-12F2-4CC1-8F3E-75E65766AF0C}"
EndProject
Global
	GlobalSection(SolutionConfigurationPlatforms) = preSolution
		Development|Default = Development|Default
	EndGlobalSection
	GlobalSection(ProjectConfigurationPlatforms) = postSolution
		{4D6AFF82-12F2-4CC1-8F3E-75E65766AF0C}.Development|Default.ActiveCfg = Development
		{4D6AFF82-12F2-4CC1-8F3E-75E65766AF0C}.Development|Default.Build.0 = Development
	EndGlobalSection
	GlobalSection(SolutionProperties) = preSolution
		HideSolutionNode = FALSE
	EndGlobalSection
	GlobalSection(ExtensibilityGlobals) = postSolution
		SolutionGuid = {F8A7842B-947E-4BF5-B8C4-BBCAFE7CA1A8}
	EndGlobalSection
EndGlobal
